
Microsoft Visual Studio Solution File, Format Version 12.00
# Visual Studio Version 17
VisualStudioVersion = 17.9.34616.47
MinimumVisualStudioVersion = 10.0.40219.1
Project("{8BC9CEB8-8B4A-11D0-8D11-00A0C91BC942}") = "elementary_arithmetic(2)", "elementary_arithmetic\elementary_arithmetic.vcxproj", "{28A56734-CEA5-44B3-BE25-275E8CA776C4}"
EndProject
Project("{8BC9CEB8-8B4A-11D0-8D11-00A0C91BC942}") = "remainder(3)", "remainder(3)\remainder(3).vcxproj", "{F4A5C419-2AAC-4512-9911-C531132C9A12}"
EndProject
Project("{8BC9CEB8-8B4A-11D0-8D11-00A0C91BC942}") = "exam_result(7)", "exam_result(7)\exam_result(7).vcxproj", "{917282E3-109E-4FED-AB30-D180CB9A8D34}"
EndProject
Global
	GlobalSection(SolutionConfigurationPlatforms) = preSolution
		Debug|x64 = Debug|x64
		Debug|x86 = Debug|x86
		Release|x64 = Release|x64
		Release|x86 = Release|x86
	EndGlobalSection
	GlobalSection(ProjectConfigurationPlatforms) = postSolution
		{28A56734-CEA5-44B3-BE25-275E8CA776C4}.Debug|x64.ActiveCfg = Debug|x64
		{28A56734-CEA5-44B3-BE25-275E8CA776C4}.Debug|x64.Build.0 = Debug|x64
		{28A56734-CEA5-44B3-BE25-275E8CA776C4}.Debug|x86.ActiveCfg = Debug|Win32
		{28A56734-CEA5-44B3-BE25-275E8CA776C4}.Debug|x86.Build.0 = Debug|Win32
		{28A56734-CEA5-44B3-BE25-275E8CA776C4}.Release|x64.ActiveCfg = Release|x64
		{28A56734-CEA5-44B3-BE25-275E8CA776C4}.Release|x64.Build.0 = Release|x64
		{28A56734-CEA5-44B3-BE25-275E8CA776C4}.Release|x86.ActiveCfg = Release|Win32
		{28A56734-CEA5-44B3-BE25-275E8CA776C4}.Release|x86.Build.0 = Release|Win32
		{F4A5C419-2AAC-4512-9911-C531132C9A12}.Debug|x64.ActiveCfg = Debug|x64
		{F4A5C419-2AAC-4512-9911-C531132C9A12}.Debug|x64.Build.0 = Debug|x64
		{F4A5C419-2AAC-4512-9911-C531132C9A12}.Debug|x86.ActiveCfg = Debug|Win32
		{F4A5C419-2AAC-4512-9911-C531132C9A12}.Debug|x86.Build.0 = Debug|Win32
		{F4A5C419-2AAC-4512-9911-C531132C9A12}.Release|x64.ActiveCfg = Release|x64
		{F4A5C419-2AAC-4512-9911-C531132C9A12}.Release|x64.Build.0 = Release|x64
		{F4A5C419-2AAC-4512-9911-C531132C9A12}.Release|x86.ActiveCfg = Release|Win32
		{F4A5C419-2AAC-4512-9911-C531132C9A12}.Release|x86.Build.0 = Release|Win32
		{917282E3-109E-4FED-AB30-D180CB9A8D34}.Debug|x64.ActiveCfg = Debug|x64
		{917282E3-109E-4FED-AB30-D180CB9A8D34}.Debug|x64.Build.0 = Debug|x64
		{917282E3-109E-4FED-AB30-D180CB9A8D34}.Debug|x86.ActiveCfg = Debug|Win32
		{917282E3-109E-4FED-AB30-D180CB9A8D34}.Debug|x86.Build.0 = Debug|Win32
		{917282E3-109E-4FED-AB30-D180CB9A8D34}.Release|x64.ActiveCfg = Release|x64
		{917282E3-109E-4FED-AB30-D180CB9A8D34}.Release|x64.Build.0 = Release|x64
		{917282E3-109E-4FED-AB30-D180CB9A8D34}.Release|x86.ActiveCfg = Release|Win32
		{917282E3-109E-4FED-AB30-D180CB9A8D34}.Release|x86.Build.0 = Release|Win32
	EndGlobalSection
	GlobalSection(SolutionProperties) = preSolution
		HideSolutionNode = FALSE
	EndGlobalSection
	GlobalSection(ExtensibilityGlobals) = postSolution
		SolutionGuid = {423441A4-5AA5-4E75-B642-21BDE5924CC9}
	EndGlobalSection
EndGlobal
